
Microsoft Visual Studio Solution File, Format Version 12.00
# Visual Studio 15
VisualStudioVersion = 15.0.27703.2042
MinimumVisualStudioVersion = 10.0.40219.1
Project("{FAE04EC0-301F-11D3-BF4B-00C04F79EFBC}") = "NLP Demo", "NLP Demo\NLP Demo.csproj", "{7691157A-62FE-4329-93BD-4D8DBA31CB30}"
EndProject
Global
	GlobalSection(SolutionConfigurationPlatforms) = preSolution
		Debug|Any CPU = Debug|Any CPU
		Release|Any CPU = Release|Any CPU
	EndGlobalSection
	GlobalSection(ProjectConfigurationPlatforms) = postSolution
		{7691157A-62FE-4329-93BD-4D8DBA31CB30}.Debug|Any CPU.ActiveCfg = Debug|Any CPU
		{7691157A-62FE-4329-93BD-4D8DBA31CB30}.Debug|Any CPU.Build.0 = Debug|Any CPU
		{7691157A-62FE-4329-93BD-4D8DBA31CB30}.Release|Any CPU.ActiveCfg = Release|Any CPU
		{7691157A-62FE-4329-93BD-4D8DBA31CB30}.Release|Any CPU.Build.0 = Release|Any CPU
	EndGlobalSection
	GlobalSection(SolutionProperties) = preSolution
		HideSolutionNode = FALSE
	EndGlobalSection
	GlobalSection(ExtensibilityGlobals) = postSolution
		SolutionGuid = {22CBCA04-7FEB-4338-B4EE-F32558A2FFA3}
	EndGlobalSection
EndGlobal
